
Microsoft Visual Studio Solution File, Format Version 12.00
# Visual Studio 15
Project("{FAE04EC0-301F-11D3-BF4B-00C04F79EFBC}") = "DoughYou1.Android", "DoughYou1.Android\DoughYou1.Android.csproj", "{68EB58D3-B765-4181-B493-D4A2504A0ABB}"
EndProject
Project("{FAE04EC0-301F-11D3-BF4B-00C04F79EFBC}") = "DoughYou1.iOS", "DoughYou1.iOS\DoughYou1.iOS.csproj", "{23C3A000-1375-4BC7-9A72-291A6F0937C6}"
EndProject
Project("{FAE04EC0-301F-11D3-BF4B-00C04F79EFBC}") = "DoughYou1", "DoughYou1\DoughYou1.csproj", "{31AB1159-B390-43C4-AE8C-1D9ADF4E59B6}"
EndProject
Project("{2150E333-8FDC-42A3-9474-1A3956D46DE8}") = "Solution Items", "Solution Items", "{DA1FBCC7-AEB9-4E31-BB66-FCA92FF0FED8}"
EndProject
Global
	GlobalSection(SolutionConfigurationPlatforms) = preSolution
		Debug|Any CPU = Debug|Any CPU
		Release|Any CPU = Release|Any CPU
		Debug|iPhoneSimulator = Debug|iPhoneSimulator
		Release|iPhoneSimulator = Release|iPhoneSimulator
		Debug|iPhone = Debug|iPhone
		Release|iPhone = Release|iPhone
	EndGlobalSection
	GlobalSection(ProjectConfigurationPlatforms) = postSolution
		{68EB58D3-B765-4181-B493-D4A2504A0ABB}.Debug|Any CPU.ActiveCfg = Debug|Any CPU
		{68EB58D3-B765-4181-B493-D4A2504A0ABB}.Debug|Any CPU.Build.0 = Debug|Any CPU
		{68EB58D3-B765-4181-B493-D4A2504A0ABB}.Release|Any CPU.ActiveCfg = Release|Any CPU
		{68EB58D3-B765-4181-B493-D4A2504A0ABB}.Release|Any CPU.Build.0 = Release|Any CPU
		{68EB58D3-B765-4181-B493-D4A2504A0ABB}.Debug|iPhoneSimulator.ActiveCfg = Debug|Any CPU
		{68EB58D3-B765-4181-B493-D4A2504A0ABB}.Debug|iPhoneSimulator.Build.0 = Debug|Any CPU
		{68EB58D3-B765-4181-B493-D4A2504A0ABB}.Release|iPhoneSimulator.ActiveCfg = Release|Any CPU
		{68EB58D3-B765-4181-B493-D4A2504A0ABB}.Release|iPhoneSimulator.Build.0 = Release|Any CPU
		{68EB58D3-B765-4181-B493-D4A2504A0ABB}.Debug|iPhone.ActiveCfg = Debug|Any CPU
		{68EB58D3-B765-4181-B493-D4A2504A0ABB}.Debug|iPhone.Build.0 = Debug|Any CPU
		{68EB58D3-B765-4181-B493-D4A2504A0ABB}.Release|iPhone.ActiveCfg = Release|Any CPU
		{68EB58D3-B765-4181-B493-D4A2504A0ABB}.Release|iPhone.Build.0 = Release|Any CPU
		{23C3A000-1375-4BC7-9A72-291A6F0937C6}.Debug|Any CPU.ActiveCfg = Debug|iPhoneSimulator
		{23C3A000-1375-4BC7-9A72-291A6F0937C6}.Debug|Any CPU.Build.0 = Debug|iPhoneSimulator
		{23C3A000-1375-4BC7-9A72-291A6F0937C6}.Release|Any CPU.ActiveCfg = Release|iPhoneSimulator
		{23C3A000-1375-4BC7-9A72-291A6F0937C6}.Release|Any CPU.Build.0 = Release|iPhoneSimulator
		{23C3A000-1375-4BC7-9A72-291A6F0937C6}.Debug|iPhoneSimulator.ActiveCfg = Debug|iPhoneSimulator
		{23C3A000-1375-4BC7-9A72-291A6F0937C6}.Debug|iPhoneSimulator.Build.0 = Debug|iPhoneSimulator
		{23C3A000-1375-4BC7-9A72-291A6F0937C6}.Release|iPhoneSimulator.ActiveCfg = Release|iPhoneSimulator
		{23C3A000-1375-4BC7-9A72-291A6F0937C6}.Release|iPhoneSimulator.Build.0 = Release|iPhoneSimulator
		{23C3A000-1375-4BC7-9A72-291A6F0937C6}.Debug|iPhone.ActiveCfg = Debug|iPhone
		{23C3A000-1375-4BC7-9A72-291A6F0937C6}.Debug|iPhone.Build.0 = Debug|iPhone
		{23C3A000-1375-4BC7-9A72-291A6F0937C6}.Release|iPhone.ActiveCfg = Release|iPhone
		{23C3A000-1375-4BC7-9A72-291A6F0937C6}.Release|iPhone.Build.0 = Release|iPhone
		{31AB1159-B390-43C4-AE8C-1D9ADF4E59B6}.Debug|Any CPU.ActiveCfg = Debug|Any CPU
		{31AB1159-B390-43C4-AE8C-1D9ADF4E59B6}.Debug|Any CPU.Build.0 = Debug|Any CPU
		{31AB1159-B390-43C4-AE8C-1D9ADF4E59B6}.Release|Any CPU.ActiveCfg = Release|Any CPU
		{31AB1159-B390-43C4-AE8C-1D9ADF4E59B6}.Release|Any CPU.Build.0 = Release|Any CPU
		{31AB1159-B390-43C4-AE8C-1D9ADF4E59B6}.Debug|iPhoneSimulator.ActiveCfg = Debug|Any CPU
		{31AB1159-B390-43C4-AE8C-1D9ADF4E59B6}.Debug|iPhoneSimulator.Build.0 = Debug|Any CPU
		{31AB1159-B390-43C4-AE8C-1D9ADF4E59B6}.Release|iPhoneSimulator.ActiveCfg = Release|Any CPU
		{31AB1159-B390-43C4-AE8C-1D9ADF4E59B6}.Release|iPhoneSimulator.Build.0 = Release|Any CPU
		{31AB1159-B390-43C4-AE8C-1D9ADF4E59B6}.Debug|iPhone.ActiveCfg = Debug|Any CPU
		{31AB1159-B390-43C4-AE8C-1D9ADF4E59B6}.Debug|iPhone.Build.0 = Debug|Any CPU
		{31AB1159-B390-43C4-AE8C-1D9ADF4E59B6}.Release|iPhone.ActiveCfg = Release|Any CPU
		{31AB1159-B390-43C4-AE8C-1D9ADF4E59B6}.Release|iPhone.Build.0 = Release|Any CPU
	EndGlobalSection
EndGlobal
